{
  "lockfileVersion": 1,
  "workspaces": {
    "": {
      "dependencies": {
        "@primevue/nuxt-module": "^4.3.9",
        "@primevue/themes": "^4.3.9",
        "primevue": "^4.3.9",
      },
    },
  },
  "packages": {
    "@babel/helper-string-parser": ["@babel/helper-string-parser@7.27.1", "", {}, "sha512-qMlSxKbpRlAridDExk92nSobyDdpPijUq2DW6oDnUqd0iOGxmQjyqhMIihI9+zv4LPyZdRje2cavWPbCbWm3eA=="],

    "@babel/helper-validator-identifier": ["@babel/helper-validator-identifier@7.27.1", "", {}, "sha512-D2hP9eA+Sqx1kBZgzxZh0y1trbuU+JoDkiEwqhQ36nodYqJwyEIhPSdMNd7lOm/4io72luTPWH20Yda0xOuUow=="],

    "@babel/parser": ["@babel/parser@7.28.4", "", { "dependencies": { "@babel/types": "^7.28.4" }, "bin": "./bin/babel-parser.js" }, "sha512-yZbBqeM6TkpP9du/I2pUZnJsRMGGvOuIrhjzC1AwHwW+6he4mni6Bp/m8ijn0iOuZuPI2BfkCoSRunpyjnrQKg=="],

    "@babel/types": ["@babel/types@7.28.4", "", { "dependencies": { "@babel/helper-string-parser": "^7.27.1", "@babel/helper-validator-identifier": "^7.27.1" } }, "sha512-bkFqkLhh3pMBUQQkpVgWDWq/lqzc2678eUyDlTBhRqhCHFguYYGM0Efga7tYk4TogG/3x0EEl66/OQ+WGbWB/Q=="],

    "@jridgewell/gen-mapping": ["@jridgewell/gen-mapping@0.3.13", "", { "dependencies": { "@jridgewell/sourcemap-codec": "^1.5.0", "@jridgewell/trace-mapping": "^0.3.24" } }, "sha512-2kkt/7niJ6MgEPxF0bYdQ6etZaA+fQvDcLKckhy1yIQOzaoKjBBjSj63/aLVjYE3qhRt5dvM+uUyfCg6UKCBbA=="],

    "@jridgewell/remapping": ["@jridgewell/remapping@2.3.5", "", { "dependencies": { "@jridgewell/gen-mapping": "^0.3.5", "@jridgewell/trace-mapping": "^0.3.24" } }, "sha512-LI9u/+laYG4Ds1TDKSJW2YPrIlcVYOwi2fUC6xB43lueCjgxV4lffOCZCtYFiH6TNOX+tQKXx97T4IKHbhyHEQ=="],

    "@jridgewell/resolve-uri": ["@jridgewell/resolve-uri@3.1.2", "", {}, "sha512-bRISgCIjP20/tbWSPWMEi54QVPRZExkuD9lJL+UIxUKtwVJA8wW1Trb1jMs1RFXo1CBTNZ/5hpC9QvmKWdopKw=="],

    "@jridgewell/sourcemap-codec": ["@jridgewell/sourcemap-codec@1.5.5", "", {}, "sha512-cYQ9310grqxueWbl+WuIUIaiUaDcj7WOq5fVhEljNVgRfOUhY9fy2zTvfoqWsnebh8Sl70VScFbICvJnLKB0Og=="],

    "@jridgewell/trace-mapping": ["@jridgewell/trace-mapping@0.3.31", "", { "dependencies": { "@jridgewell/resolve-uri": "^3.1.0", "@jridgewell/sourcemap-codec": "^1.4.14" } }, "sha512-zzNR+SdQSDJzc8joaeP8QQoCQr8NuYx2dIIytl1QeBEZHJ9uW6hebsrYgbz8hJwUQao3TWCMtmfV8Nu1twOLAw=="],

    "@nuxt/kit": ["@nuxt/kit@3.19.2", "", { "dependencies": { "c12": "^3.2.0", "consola": "^3.4.2", "defu": "^6.1.4", "destr": "^2.0.5", "errx": "^0.1.0", "exsolve": "^1.0.7", "ignore": "^7.0.5", "jiti": "^2.5.1", "klona": "^2.0.6", "knitwork": "^1.2.0", "mlly": "^1.8.0", "ohash": "^2.0.11", "pathe": "^2.0.3", "pkg-types": "^2.3.0", "rc9": "^2.1.2", "scule": "^1.3.0", "semver": "^7.7.2", "std-env": "^3.9.0", "tinyglobby": "^0.2.15", "ufo": "^1.6.1", "unctx": "^2.4.1", "unimport": "^5.2.0", "untyped": "^2.0.0" } }, "sha512-+QiqO0WcIxsKLUqXdVn3m4rzTRm2fO9MZgd330utCAaagGmHsgiMJp67kE14boJEPutnikfz3qOmrzBnDIHUUg=="],

    "@primeuix/forms": ["@primeuix/forms@0.1.0", "", { "dependencies": { "@primeuix/utils": "^0.6.0" } }, "sha512-LctcQidb+B5PuvAFWH24YH/SIzmHlOabLHpaTeGY/k51iBv1WyCp+5w9JMYuMB/BplSvV0ZGySxQVkN5Azr/aQ=="],

    "@primeuix/styled": ["@primeuix/styled@0.7.2", "", { "dependencies": { "@primeuix/utils": "^0.6.1" } }, "sha512-tIJ6byZezTYZ9YUICNSidQHOIQOQL3zeUgjwiX0JnBTK3+WCvy4DyCBcrJ94RtiX0WGFZSYNvaGaFkTo4jU8FQ=="],

    "@primeuix/styles": ["@primeuix/styles@1.2.3", "", { "dependencies": { "@primeuix/styled": "^0.7.2" } }, "sha512-+KwmQsLTYgVAqFADmO252btz40lstPML6r4QMNjxz4gLNCKVW3kPR0/aCouQx6/21+boXG1P68tu8Zk3FAKr2w=="],

    "@primeuix/themes": ["@primeuix/themes@1.2.3", "", { "dependencies": { "@primeuix/styled": "^0.7.2" } }, "sha512-GLAU2h6lhgln2w10EQalUQlgwbgQ0xZoIOLMNGfIvqU4O09L282P7rwKCKQksvAGAFt1GoO/Q1NgBSxnttr7iA=="],

    "@primeuix/utils": ["@primeuix/utils@0.6.1", "", {}, "sha512-tQL/ZOPgCdD+NTimlUmhyD0ey8J1XmpZE4hDHM+/fnuBicVVmlKOd5HpS748LcOVRUKbWjmEPdHX4hi5XZoC1Q=="],

    "@primevue/auto-import-resolver": ["@primevue/auto-import-resolver@4.3.9", "", { "dependencies": { "@primevue/metadata": "4.3.9" } }, "sha512-3zC5cmJSWFFWm376wgJ4Ntq0xXE2T6zPtfUwEf6XlAF65bRhq+9YTM/rgoArJd2OY9jOGgDcwOt7/Np37hVGiA=="],

    "@primevue/core": ["@primevue/core@4.3.9", "", { "dependencies": { "@primeuix/styled": "^0.7.2", "@primeuix/utils": "^0.6.1" }, "peerDependencies": { "vue": "^3.5.0" } }, "sha512-P08MhVD8WrldbropVuiG25ku6il+v+cKKrspES6RijDc4NE/CrGMAwOlrdpOkpy7pcfTzqC9eIGBx5ifS28S5g=="],

    "@primevue/forms": ["@primevue/forms@4.3.9", "", { "dependencies": { "@primeuix/forms": "^0.1.0", "@primeuix/utils": "^0.6.1", "@primevue/core": "4.3.9" } }, "sha512-j/GGxFwpfzP3kdxpfxezmsWohmFjoiNHTZlDxGwrNBGrXfb9GExghgoPPKc0K4OeAX5enufS+g8YGqcglABHAQ=="],

    "@primevue/icons": ["@primevue/icons@4.3.9", "", { "dependencies": { "@primeuix/utils": "^0.6.1", "@primevue/core": "4.3.9" } }, "sha512-7EaVz7yS4KlAWppPsFEl9r2ia94LZStNjO2qiXolz0lvRYjZu6W66Or96sTr7GJhIIoE+qRnn3T9A/LeUmke6Q=="],

    "@primevue/metadata": ["@primevue/metadata@4.3.9", "", {}, "sha512-Xt4mQNzdhz71hN+go53iCzE2vloKwTUkLpunzHup344ivJTZUYSlsszYFDGv4DEnqfkfRHHPBP3ZzHzgzE89jQ=="],

    "@primevue/nuxt-module": ["@primevue/nuxt-module@4.3.9", "", { "dependencies": { "@nuxt/kit": "^3", "@primeuix/styled": "^0.7.2", "@primeuix/utils": "^0.6.1", "@primevue/auto-import-resolver": "4.3.9", "@primevue/forms": "4.3.9", "@primevue/metadata": "4.3.9", "pathe": "^1.1.2", "primevue": "4.3.9", "unplugin-vue-components": "28.4.1" } }, "sha512-hS9WAE1Mq3yVra2WzL5B3ZLtfFaTHiZZXmyYEn2577uUeURktIFd6KNxljGAIjvU9f9pSfKdPAvsUnAQmGx6Vg=="],

    "@primevue/themes": ["@primevue/themes@4.3.9", "", { "dependencies": { "@primeuix/styled": "^0.7.2", "@primeuix/themes": "^1.2.3" } }, "sha512-pmBTy8mldKGsOwLW4Z5L9svjhP/8ptU7vIp0gWBfil1dhH+b1jmCZVL9WJBfPRmrejHVRqE2ZdutJA2m8F11iQ=="],

    "@types/estree": ["@types/estree@1.0.8", "", {}, "sha512-dWHzHa2WqEXI/O1E9OjrocMTKJl2mSrEolh1Iomrv6U+JuNwaHXsXx9bLu5gG7BUWFIN0skIQJQ/L1rIex4X6w=="],

    "@vue/compiler-core": ["@vue/compiler-core@3.5.21", "", { "dependencies": { "@babel/parser": "^7.28.3", "@vue/shared": "3.5.21", "entities": "^4.5.0", "estree-walker": "^2.0.2", "source-map-js": "^1.2.1" } }, "sha512-8i+LZ0vf6ZgII5Z9XmUvrCyEzocvWT+TeR2VBUVlzIH6Tyv57E20mPZ1bCS+tbejgUgmjrEh7q/0F0bibskAmw=="],

    "@vue/compiler-dom": ["@vue/compiler-dom@3.5.21", "", { "dependencies": { "@vue/compiler-core": "3.5.21", "@vue/shared": "3.5.21" } }, "sha512-jNtbu/u97wiyEBJlJ9kmdw7tAr5Vy0Aj5CgQmo+6pxWNQhXZDPsRr1UWPN4v3Zf82s2H3kF51IbzZ4jMWAgPlQ=="],

    "@vue/compiler-sfc": ["@vue/compiler-sfc@3.5.21", "", { "dependencies": { "@babel/parser": "^7.28.3", "@vue/compiler-core": "3.5.21", "@vue/compiler-dom": "3.5.21", "@vue/compiler-ssr": "3.5.21", "@vue/shared": "3.5.21", "estree-walker": "^2.0.2", "magic-string": "^0.30.18", "postcss": "^8.5.6", "source-map-js": "^1.2.1" } }, "sha512-SXlyk6I5eUGBd2v8Ie7tF6ADHE9kCR6mBEuPyH1nUZ0h6Xx6nZI29i12sJKQmzbDyr2tUHMhhTt51Z6blbkTTQ=="],

    "@vue/compiler-ssr": ["@vue/compiler-ssr@3.5.21", "", { "dependencies": { "@vue/compiler-dom": "3.5.21", "@vue/shared": "3.5.21" } }, "sha512-vKQ5olH5edFZdf5ZrlEgSO1j1DMA4u23TVK5XR1uMhvwnYvVdDF0nHXJUblL/GvzlShQbjhZZ2uvYmDlAbgo9w=="],

    "@vue/reactivity": ["@vue/reactivity@3.5.21", "", { "dependencies": { "@vue/shared": "3.5.21" } }, "sha512-3ah7sa+Cwr9iiYEERt9JfZKPw4A2UlbY8RbbnH2mGCE8NwHkhmlZt2VsH0oDA3P08X3jJd29ohBDtX+TbD9AsA=="],

    "@vue/runtime-core": ["@vue/runtime-core@3.5.21", "", { "dependencies": { "@vue/reactivity": "3.5.21", "@vue/shared": "3.5.21" } }, "sha512-+DplQlRS4MXfIf9gfD1BOJpk5RSyGgGXD/R+cumhe8jdjUcq/qlxDawQlSI8hCKupBlvM+3eS1se5xW+SuNAwA=="],

    "@vue/runtime-dom": ["@vue/runtime-dom@3.5.21", "", { "dependencies": { "@vue/reactivity": "3.5.21", "@vue/runtime-core": "3.5.21", "@vue/shared": "3.5.21", "csstype": "^3.1.3" } }, "sha512-3M2DZsOFwM5qI15wrMmNF5RJe1+ARijt2HM3TbzBbPSuBHOQpoidE+Pa+XEaVN+czbHf81ETRoG1ltztP2em8w=="],

    "@vue/server-renderer": ["@vue/server-renderer@3.5.21", "", { "dependencies": { "@vue/compiler-ssr": "3.5.21", "@vue/shared": "3.5.21" }, "peerDependencies": { "vue": "3.5.21" } }, "sha512-qr8AqgD3DJPJcGvLcJKQo2tAc8OnXRcfxhOJCPF+fcfn5bBGz7VCcO7t+qETOPxpWK1mgysXvVT/j+xWaHeMWA=="],

    "@vue/shared": ["@vue/shared@3.5.21", "", {}, "sha512-+2k1EQpnYuVuu3N7atWyG3/xoFWIVJZq4Mz8XNOdScFI0etES75fbny/oU4lKWk/577P1zmg0ioYvpGEDZ3DLw=="],

    "acorn": ["acorn@8.15.0", "", { "bin": { "acorn": "bin/acorn" } }, "sha512-NZyJarBfL7nWwIq+FDL6Zp/yHEhePMNnnJ0y3qfieCrmNvYct8uvtiV41UvlSe6apAfk0fY1FbWx+NwfmpvtTg=="],

    "anymatch": ["anymatch@3.1.3", "", { "dependencies": { "normalize-path": "^3.0.0", "picomatch": "^2.0.4" } }, "sha512-KMReFUr0B4t+D+OBkjR3KYqvocp2XaSzO55UcB6mgQMd3KbcE+mWTyvVV7D/zsdEbNnV6acZUutkiHQXvTr1Rw=="],

    "binary-extensions": ["binary-extensions@2.3.0", "", {}, "sha512-Ceh+7ox5qe7LJuLHoY0feh3pHuUDHAcRUeyL2VYghZwfpkNIy/+8Ocg0a3UuSoYzavmylwuLWQOf3hl0jjMMIw=="],

    "braces": ["braces@3.0.3", "", { "dependencies": { "fill-range": "^7.1.1" } }, "sha512-yQbXgO/OSZVD2IsiLlro+7Hf6Q18EJrKSEsdoMzKePKXct3gvD8oLcOQdIzGupr5Fj+EDe8gO/lxc1BzfMpxvA=="],

    "c12": ["c12@3.3.0", "", { "dependencies": { "chokidar": "^4.0.3", "confbox": "^0.2.2", "defu": "^6.1.4", "dotenv": "^17.2.2", "exsolve": "^1.0.7", "giget": "^2.0.0", "jiti": "^2.5.1", "ohash": "^2.0.11", "pathe": "^2.0.3", "perfect-debounce": "^2.0.0", "pkg-types": "^2.3.0", "rc9": "^2.1.2" }, "peerDependencies": { "magicast": "^0.3.5" }, "optionalPeers": ["magicast"] }, "sha512-K9ZkuyeJQeqLEyqldbYLG3wjqwpw4BVaAqvmxq3GYKK0b1A/yYQdIcJxkzAOWcNVWhJpRXAPfZFueekiY/L8Dw=="],

    "chokidar": ["chokidar@3.6.0", "", { "dependencies": { "anymatch": "~3.1.2", "braces": "~3.0.2", "glob-parent": "~5.1.2", "is-binary-path": "~2.1.0", "is-glob": "~4.0.1", "normalize-path": "~3.0.0", "readdirp": "~3.6.0" }, "optionalDependencies": { "fsevents": "~2.3.2" } }, "sha512-7VT13fmjotKpGipCW9JEQAusEPE+Ei8nl6/g4FBAmIm0GOOLMua9NDDo/DWp0ZAxCr3cPq5ZpBqmPAQgDda2Pw=="],

    "citty": ["citty@0.1.6", "", { "dependencies": { "consola": "^3.2.3" } }, "sha512-tskPPKEs8D2KPafUypv2gxwJP8h/OaJmC82QQGGDQcHvXX43xF2VDACcJVmZ0EuSxkpO9Kc4MlrA3q0+FG58AQ=="],

    "confbox": ["confbox@0.2.2", "", {}, "sha512-1NB+BKqhtNipMsov4xI/NnhCKp9XG9NamYp5PVm9klAT0fsrNPjaFICsCFhNhwZJKNh7zB/3q8qXz0E9oaMNtQ=="],

    "consola": ["consola@3.4.2", "", {}, "sha512-5IKcdX0nnYavi6G7TtOhwkYzyjfJlatbjMjuLSfE2kYT5pMDOilZ4OvMhi637CcDICTmz3wARPoyhqyX1Y+XvA=="],

    "csstype": ["csstype@3.1.3", "", {}, "sha512-M1uQkMl8rQK/szD0LNhtqxIPLpimGm8sOBwU7lLnCpSbTyY3yeU1Vc7l4KT5zT4s/yOxHH5O7tIuuLOCnLADRw=="],

    "debug": ["debug@4.4.3", "", { "dependencies": { "ms": "^2.1.3" } }, "sha512-RGwwWnwQvkVfavKVt22FGLw+xYSdzARwm0ru6DhTVA3umU5hZc28V3kO4stgYryrTlLpuvgI9GiijltAjNbcqA=="],

    "defu": ["defu@6.1.4", "", {}, "sha512-mEQCMmwJu317oSz8CwdIOdwf3xMif1ttiM8LTufzc3g6kR+9Pe236twL8j3IYT1F7GfRgGcW6MWxzZjLIkuHIg=="],

    "destr": ["destr@2.0.5", "", {}, "sha512-ugFTXCtDZunbzasqBxrK93Ik/DRYsO6S/fedkWEMKqt04xZ4csmnmwGDBAb07QWNaGMAmnTIemsYZCksjATwsA=="],

    "dotenv": ["dotenv@17.2.2", "", {}, "sha512-Sf2LSQP+bOlhKWWyhFsn0UsfdK/kCWRv1iuA2gXAwt3dyNabr6QSj00I2V10pidqz69soatm9ZwZvpQMTIOd5Q=="],

    "entities": ["entities@4.5.0", "", {}, "sha512-V0hjH4dGPh9Ao5p0MoRY6BVqtwCjhz6vI5LT8AJ55H+4g9/4vbHx1I54fS0XuclLhDHArPQCiMjDxjaL8fPxhw=="],

    "errx": ["errx@0.1.0", "", {}, "sha512-fZmsRiDNv07K6s2KkKFTiD2aIvECa7++PKyD5NC32tpRw46qZA3sOz+aM+/V9V0GDHxVTKLziveV4JhzBHDp9Q=="],

    "escape-string-regexp": ["escape-string-regexp@5.0.0", "", {}, "sha512-/veY75JbMK4j1yjvuUxuVsiS/hr/4iHs9FTT6cgTexxdE0Ly/glccBAkloH/DofkjRbZU3bnoj38mOmhkZ0lHw=="],

    "estree-walker": ["estree-walker@3.0.3", "", { "dependencies": { "@types/estree": "^1.0.0" } }, "sha512-7RUKfXgSMMkzt6ZuXmqapOurLGPPfgj6l9uRZ7lRGolvk0y2yocc35LdcxKC5PQZdn2DMqioAQ2NoWcrTKmm6g=="],

    "exsolve": ["exsolve@1.0.7", "", {}, "sha512-VO5fQUzZtI6C+vx4w/4BWJpg3s/5l+6pRQEHzFRM8WFi4XffSP1Z+4qi7GbjWbvRQEbdIco5mIMq+zX4rPuLrw=="],

    "fdir": ["fdir@6.5.0", "", { "peerDependencies": { "picomatch": "^3 || ^4" }, "optionalPeers": ["picomatch"] }, "sha512-tIbYtZbucOs0BRGqPJkshJUYdL+SDH7dVM8gjy+ERp3WAUjLEFJE+02kanyHtwjWOnwrKYBiwAmM0p4kLJAnXg=="],

    "fill-range": ["fill-range@7.1.1", "", { "dependencies": { "to-regex-range": "^5.0.1" } }, "sha512-YsGpe3WHLK8ZYi4tWDg2Jy3ebRz2rXowDxnld4bkQB00cc/1Zw9AWnC0i9ztDJitivtQvaI9KaLyKrc+hBW0yg=="],

    "fsevents": ["fsevents@2.3.3", "", { "os": "darwin" }, "sha512-5xoDfX+fL7faATnagmWPpbFtwh/R77WmMMqqHGS65C3vvB0YHrgF+B1YmZ3441tMj5n63k0212XNoJwzlhffQw=="],

    "giget": ["giget@2.0.0", "", { "dependencies": { "citty": "^0.1.6", "consola": "^3.4.0", "defu": "^6.1.4", "node-fetch-native": "^1.6.6", "nypm": "^0.6.0", "pathe": "^2.0.3" }, "bin": { "giget": "dist/cli.mjs" } }, "sha512-L5bGsVkxJbJgdnwyuheIunkGatUF/zssUoxxjACCseZYAVbaqdh9Tsmmlkl8vYan09H7sbvKt4pS8GqKLBrEzA=="],

    "glob-parent": ["glob-parent@5.1.2", "", { "dependencies": { "is-glob": "^4.0.1" } }, "sha512-AOIgSQCepiJYwP3ARnGx+5VnTu2HBYdzbGP45eLw1vr3zB3vZLeyed1sC9hnbcOc9/SrMyM5RPQrkGz4aS9Zow=="],

    "ignore": ["ignore@7.0.5", "", {}, "sha512-Hs59xBNfUIunMFgWAbGX5cq6893IbWg4KnrjbYwX3tx0ztorVgTDA6B2sxf8ejHJ4wz8BqGUMYlnzNBer5NvGg=="],

    "is-binary-path": ["is-binary-path@2.1.0", "", { "dependencies": { "binary-extensions": "^2.0.0" } }, "sha512-ZMERYes6pDydyuGidse7OsHxtbI7WVeUEozgR/g7rd0xUimYNlvZRE/K2MgZTjWy725IfelLeVcEM97mmtRGXw=="],

    "is-extglob": ["is-extglob@2.1.1", "", {}, "sha512-SbKbANkN603Vi4jEZv49LeVJMn4yGwsbzZworEoyEiutsN3nJYdbO36zfhGJ6QEDpOZIFkDtnq5JRxmvl3jsoQ=="],

    "is-glob": ["is-glob@4.0.3", "", { "dependencies": { "is-extglob": "^2.1.1" } }, "sha512-xelSayHH36ZgE7ZWhli7pW34hNbNl8Ojv5KVmkJD4hBdD3th8Tfk9vYasLM+mXWOZhFkgZfxhLSnrwRr4elSSg=="],

    "is-number": ["is-number@7.0.0", "", {}, "sha512-41Cifkg6e8TylSpdtTpeLVMqvSBEVzTttHvERD741+pnZ8ANv0004MRL43QKPDlK9cGvNp6NZWZUBlbGXYxxng=="],

    "jiti": ["jiti@2.5.1", "", { "bin": { "jiti": "lib/jiti-cli.mjs" } }, "sha512-twQoecYPiVA5K/h6SxtORw/Bs3ar+mLUtoPSc7iMXzQzK8d7eJ/R09wmTwAjiamETn1cXYPGfNnu7DMoHgu12w=="],

    "js-tokens": ["js-tokens@9.0.1", "", {}, "sha512-mxa9E9ITFOt0ban3j6L5MpjwegGz6lBQmM1IJkWeBZGcMxto50+eWdjC/52xDbS2vy0k7vIMK0Fe2wfL9OQSpQ=="],

    "klona": ["klona@2.0.6", "", {}, "sha512-dhG34DXATL5hSxJbIexCft8FChFXtmskoZYnoPWjXQuebWYCNkVeV3KkGegCK9CP1oswI/vQibS2GY7Em/sJJA=="],

    "knitwork": ["knitwork@1.2.0", "", {}, "sha512-xYSH7AvuQ6nXkq42x0v5S8/Iry+cfulBz/DJQzhIyESdLD7425jXsPy4vn5cCXU+HhRN2kVw51Vd1K6/By4BQg=="],

    "local-pkg": ["local-pkg@1.1.2", "", { "dependencies": { "mlly": "^1.7.4", "pkg-types": "^2.3.0", "quansync": "^0.2.11" } }, "sha512-arhlxbFRmoQHl33a0Zkle/YWlmNwoyt6QNZEIJcqNbdrsix5Lvc4HyyI3EnwxTYlZYc32EbYrQ8SzEZ7dqgg9A=="],

    "magic-string": ["magic-string@0.30.19", "", { "dependencies": { "@jridgewell/sourcemap-codec": "^1.5.5" } }, "sha512-2N21sPY9Ws53PZvsEpVtNuSW+ScYbQdp4b9qUaL+9QkHUrGFKo56Lg9Emg5s9V/qrtNBmiR01sYhUOwu3H+VOw=="],

    "mlly": ["mlly@1.8.0", "", { "dependencies": { "acorn": "^8.15.0", "pathe": "^2.0.3", "pkg-types": "^1.3.1", "ufo": "^1.6.1" } }, "sha512-l8D9ODSRWLe2KHJSifWGwBqpTZXIXTeo8mlKjY+E2HAakaTeNpqAyBZ8GSqLzHgw4XmHmC8whvpjJNMbFZN7/g=="],

    "ms": ["ms@2.1.3", "", {}, "sha512-6FlzubTLZG3J2a/NVCAleEhjzq5oxgHyaCU9yYXvcLsvoVaHJq/s5xXI6/XXP6tz7R9xAOtHnSO/tXtF3WRTlA=="],

    "nanoid": ["nanoid@3.3.11", "", { "bin": { "nanoid": "bin/nanoid.cjs" } }, "sha512-N8SpfPUnUp1bK+PMYW8qSWdl9U+wwNWI4QKxOYDy9JAro3WMX7p2OeVRF9v+347pnakNevPmiHhNmZ2HbFA76w=="],

    "node-fetch-native": ["node-fetch-native@1.6.7", "", {}, "sha512-g9yhqoedzIUm0nTnTqAQvueMPVOuIY16bqgAJJC8XOOubYFNwz6IER9qs0Gq2Xd0+CecCKFjtdDTMA4u4xG06Q=="],

    "normalize-path": ["normalize-path@3.0.0", "", {}, "sha512-6eZs5Ls3WtCisHWp9S2GUy8dqkpGi4BVSz3GaqiE6ezub0512ESztXUwUB6C6IKbQkY2Pnb/mD4WYojCRwcwLA=="],

    "nypm": ["nypm@0.6.2", "", { "dependencies": { "citty": "^0.1.6", "consola": "^3.4.2", "pathe": "^2.0.3", "pkg-types": "^2.3.0", "tinyexec": "^1.0.1" }, "bin": { "nypm": "dist/cli.mjs" } }, "sha512-7eM+hpOtrKrBDCh7Ypu2lJ9Z7PNZBdi/8AT3AX8xoCj43BBVHD0hPSTEvMtkMpfs8FCqBGhxB+uToIQimA111g=="],

    "ohash": ["ohash@2.0.11", "", {}, "sha512-RdR9FQrFwNBNXAr4GixM8YaRZRJ5PUWbKYbE5eOsrwAjJW0q2REGcf79oYPsLyskQCZG1PLN+S/K1V00joZAoQ=="],

    "pathe": ["pathe@1.1.2", "", {}, "sha512-whLdWMYL2TwI08hn8/ZqAbrVemu0LNaNNJZX73O6qaIdCTfXutsLhMkjdENX0qhsQ9uIimo4/aQOmXkoon2nDQ=="],

    "perfect-debounce": ["perfect-debounce@2.0.0", "", {}, "sha512-fkEH/OBiKrqqI/yIgjR92lMfs2K8105zt/VT6+7eTjNwisrsh47CeIED9z58zI7DfKdH3uHAn25ziRZn3kgAow=="],

    "picocolors": ["picocolors@1.1.1", "", {}, "sha512-xceH2snhtb5M9liqDsmEw56le376mTZkEX/jEb/RxNFyegNul7eNslCXP9FDj/Lcu0X8KEyMceP2ntpaHrDEVA=="],

    "picomatch": ["picomatch@4.0.3", "", {}, "sha512-5gTmgEY/sqK6gFXLIsQNH19lWb4ebPDLA4SdLP7dsWkIXHWlG66oPuVvXSGFPppYZz8ZDZq0dYYrbHfBCVUb1Q=="],

    "pkg-types": ["pkg-types@2.3.0", "", { "dependencies": { "confbox": "^0.2.2", "exsolve": "^1.0.7", "pathe": "^2.0.3" } }, "sha512-SIqCzDRg0s9npO5XQ3tNZioRY1uK06lA41ynBC1YmFTmnY6FjUjVt6s4LoADmwoig1qqD0oK8h1p/8mlMx8Oig=="],

    "postcss": ["postcss@8.5.6", "", { "dependencies": { "nanoid": "^3.3.11", "picocolors": "^1.1.1", "source-map-js": "^1.2.1" } }, "sha512-3Ybi1tAuwAP9s0r1UQ2J4n5Y0G05bJkpUIO0/bI9MhwmD70S5aTWbXGBwxHrelT+XM1k6dM0pk+SwNkpTRN7Pg=="],

    "primevue": ["primevue@4.3.9", "", { "dependencies": { "@primeuix/styled": "^0.7.2", "@primeuix/styles": "^1.2.3", "@primeuix/utils": "^0.6.1", "@primevue/core": "4.3.9", "@primevue/icons": "4.3.9" } }, "sha512-qEAm/ZwtfBJAxHBhmXxsZ4NM6StRDeMVg8146HBn1xZ+0wiYhhJXH4uEttBTBhUgRhmZ00n6bANiL+ib9ylNjg=="],

    "quansync": ["quansync@0.2.11", "", {}, "sha512-AifT7QEbW9Nri4tAwR5M/uzpBuqfZf+zwaEM/QkzEjj7NBuFD2rBuy0K3dE+8wltbezDV7JMA0WfnCPYRSYbXA=="],

    "rc9": ["rc9@2.1.2", "", { "dependencies": { "defu": "^6.1.4", "destr": "^2.0.3" } }, "sha512-btXCnMmRIBINM2LDZoEmOogIZU7Qe7zn4BpomSKZ/ykbLObuBdvG+mFq11DL6fjH1DRwHhrlgtYWG96bJiC7Cg=="],

    "readdirp": ["readdirp@3.6.0", "", { "dependencies": { "picomatch": "^2.2.1" } }, "sha512-hOS089on8RduqdbhvQ5Z37A0ESjsqz6qnRcffsMU3495FuTdqSm+7bhJ29JvIOsBDEEnan5DPu9t3To9VRlMzA=="],

    "scule": ["scule@1.3.0", "", {}, "sha512-6FtHJEvt+pVMIB9IBY+IcCJ6Z5f1iQnytgyfKMhDKgmzYG+TeH/wx1y3l27rshSbLiSanrR9ffZDrEsmjlQF2g=="],

    "semver": ["semver@7.7.2", "", { "bin": { "semver": "bin/semver.js" } }, "sha512-RF0Fw+rO5AMf9MAyaRXI4AV0Ulj5lMHqVxxdSgiVbixSCXoEmmX/jk0CuJw4+3SqroYO9VoUh+HcuJivvtJemA=="],

    "source-map-js": ["source-map-js@1.2.1", "", {}, "sha512-UXWMKhLOwVKb728IUtQPXxfYU+usdybtUrK/8uGE8CQMvrhOpwvzDBwj0QhSL7MQc7vIsISBG8VQ8+IDQxpfQA=="],

    "std-env": ["std-env@3.9.0", "", {}, "sha512-UGvjygr6F6tpH7o2qyqR6QYpwraIjKSdtzyBdyytFOHmPZY917kwdwLG0RbOjWOnKmnm3PeHjaoLLMie7kPLQw=="],

    "strip-literal": ["strip-literal@3.0.0", "", { "dependencies": { "js-tokens": "^9.0.1" } }, "sha512-TcccoMhJOM3OebGhSBEmp3UZ2SfDMZUEBdRA/9ynfLi8yYajyWX3JiXArcJt4Umh4vISpspkQIY8ZZoCqjbviA=="],

    "tinyexec": ["tinyexec@1.0.1", "", {}, "sha512-5uC6DDlmeqiOwCPmK9jMSdOuZTh8bU39Ys6yidB+UTt5hfZUPGAypSgFRiEp+jbi9qH40BLDvy85jIU88wKSqw=="],

    "tinyglobby": ["tinyglobby@0.2.15", "", { "dependencies": { "fdir": "^6.5.0", "picomatch": "^4.0.3" } }, "sha512-j2Zq4NyQYG5XMST4cbs02Ak8iJUdxRM0XI5QyxXuZOzKOINmWurp3smXu3y5wDcJrptwpSjgXHzIQxR0omXljQ=="],

    "to-regex-range": ["to-regex-range@5.0.1", "", { "dependencies": { "is-number": "^7.0.0" } }, "sha512-65P7iz6X5yEr1cwcgvQxbbIw7Uk3gOy5dIdtZ4rDveLqhrdJP+Li/Hx6tyK0NEb+2GCyneCMJiGqrADCSNk8sQ=="],

    "ufo": ["ufo@1.6.1", "", {}, "sha512-9a4/uxlTWJ4+a5i0ooc1rU7C7YOw3wT+UGqdeNNHWnOF9qcMBgLRS+4IYUqbczewFx4mLEig6gawh7X6mFlEkA=="],

    "unctx": ["unctx@2.4.1", "", { "dependencies": { "acorn": "^8.14.0", "estree-walker": "^3.0.3", "magic-string": "^0.30.17", "unplugin": "^2.1.0" } }, "sha512-AbaYw0Nm4mK4qjhns67C+kgxR2YWiwlDBPzxrN8h8C6VtAdCgditAY5Dezu3IJy4XVqAnbrXt9oQJvsn3fyozg=="],

    "unimport": ["unimport@5.3.0", "", { "dependencies": { "acorn": "^8.15.0", "escape-string-regexp": "^5.0.0", "estree-walker": "^3.0.3", "local-pkg": "^1.1.2", "magic-string": "^0.30.19", "mlly": "^1.8.0", "pathe": "^2.0.3", "picomatch": "^4.0.3", "pkg-types": "^2.3.0", "scule": "^1.3.0", "strip-literal": "^3.0.0", "tinyglobby": "^0.2.15", "unplugin": "^2.3.10", "unplugin-utils": "^0.3.0" } }, "sha512-cty7t1DESgm0OPfCy9oyn5u9B5t0tMW6tH6bXTjAGIO3SkJsbg/DXYHjrPrUKqultqbAAoltAfYsuu/FEDocjg=="],

    "unplugin": ["unplugin@2.3.10", "", { "dependencies": { "@jridgewell/remapping": "^2.3.5", "acorn": "^8.15.0", "picomatch": "^4.0.3", "webpack-virtual-modules": "^0.6.2" } }, "sha512-6NCPkv1ClwH+/BGE9QeoTIl09nuiAt0gS28nn1PvYXsGKRwM2TCbFA2QiilmehPDTXIe684k4rZI1yl3A1PCUw=="],

    "unplugin-utils": ["unplugin-utils@0.2.5", "", { "dependencies": { "pathe": "^2.0.3", "picomatch": "^4.0.3" } }, "sha512-gwXJnPRewT4rT7sBi/IvxKTjsms7jX7QIDLOClApuZwR49SXbrB1z2NLUZ+vDHyqCj/n58OzRRqaW+B8OZi8vg=="],

    "unplugin-vue-components": ["unplugin-vue-components@28.4.1", "", { "dependencies": { "chokidar": "^3.6.0", "debug": "^4.4.0", "local-pkg": "^1.0.0", "magic-string": "^0.30.17", "mlly": "^1.7.4", "tinyglobby": "^0.2.12", "unplugin": "^2.2.0", "unplugin-utils": "^0.2.4" }, "peerDependencies": { "@babel/parser": "^7.15.8", "@nuxt/kit": "^3.2.2", "vue": "2 || 3" }, "optionalPeers": ["@babel/parser", "@nuxt/kit"] }, "sha512-niGSc0vJD9ueAnsqcfAldmtpkppZ09B6p2G1dL7X5S8KPdgbk1P+txPwaaDCe7N+eZh2VG1aAypLXkuJs3OSUg=="],

    "untyped": ["untyped@2.0.0", "", { "dependencies": { "citty": "^0.1.6", "defu": "^6.1.4", "jiti": "^2.4.2", "knitwork": "^1.2.0", "scule": "^1.3.0" }, "bin": { "untyped": "dist/cli.mjs" } }, "sha512-nwNCjxJTjNuLCgFr42fEak5OcLuB3ecca+9ksPFNvtfYSLpjf+iJqSIaSnIile6ZPbKYxI5k2AfXqeopGudK/g=="],

    "vue": ["vue@3.5.21", "", { "dependencies": { "@vue/compiler-dom": "3.5.21", "@vue/compiler-sfc": "3.5.21", "@vue/runtime-dom": "3.5.21", "@vue/server-renderer": "3.5.21", "@vue/shared": "3.5.21" }, "peerDependencies": { "typescript": "*" }, "optionalPeers": ["typescript"] }, "sha512-xxf9rum9KtOdwdRkiApWL+9hZEMWE90FHh8yS1+KJAiWYh+iGWV1FquPjoO9VUHQ+VIhsCXNNyZ5Sf4++RVZBA=="],

    "webpack-virtual-modules": ["webpack-virtual-modules@0.6.2", "", {}, "sha512-66/V2i5hQanC51vBQKPH4aI8NMAcBW59FVBs+rC7eGHupMyfn34q7rZIE+ETlJ+XTevqfUhVVBgSUNSW2flEUQ=="],

    "@nuxt/kit/pathe": ["pathe@2.0.3", "", {}, "sha512-WUjGcAqP1gQacoQe+OBJsFA7Ld4DyXuUIjZ5cc75cLHvJ7dtNsTugphxIADwspS+AraAUePCKrSVtPLFj/F88w=="],

    "@vue/compiler-core/estree-walker": ["estree-walker@2.0.2", "", {}, "sha512-Rfkk/Mp/DL7JVje3u18FxFujQlTNR2q6QfMSMB7AvCBx91NGj/ba3kCfza0f6dVDbw7YlRf/nDrn7pQrCCyQ/w=="],

    "@vue/compiler-sfc/estree-walker": ["estree-walker@2.0.2", "", {}, "sha512-Rfkk/Mp/DL7JVje3u18FxFujQlTNR2q6QfMSMB7AvCBx91NGj/ba3kCfza0f6dVDbw7YlRf/nDrn7pQrCCyQ/w=="],

    "anymatch/picomatch": ["picomatch@2.3.1", "", {}, "sha512-JU3teHTNjmE2VCGFzuY8EXzCDVwEqB2a8fsIvwaStHhAWJEeVd1o1QD80CU6+ZdEXXSLbSsuLwJjkCBWqRQUVA=="],

    "c12/chokidar": ["chokidar@4.0.3", "", { "dependencies": { "readdirp": "^4.0.1" } }, "sha512-Qgzu8kfBvo+cA4962jnP1KkS6Dop5NS6g7R5LFYJr4b8Ub94PPQXUksCw9PvXoeXPRRddRNC5C1JQUR2SMGtnA=="],

    "c12/pathe": ["pathe@2.0.3", "", {}, "sha512-WUjGcAqP1gQacoQe+OBJsFA7Ld4DyXuUIjZ5cc75cLHvJ7dtNsTugphxIADwspS+AraAUePCKrSVtPLFj/F88w=="],

    "giget/pathe": ["pathe@2.0.3", "", {}, "sha512-WUjGcAqP1gQacoQe+OBJsFA7Ld4DyXuUIjZ5cc75cLHvJ7dtNsTugphxIADwspS+AraAUePCKrSVtPLFj/F88w=="],

    "mlly/pathe": ["pathe@2.0.3", "", {}, "sha512-WUjGcAqP1gQacoQe+OBJsFA7Ld4DyXuUIjZ5cc75cLHvJ7dtNsTugphxIADwspS+AraAUePCKrSVtPLFj/F88w=="],

    "mlly/pkg-types": ["pkg-types@1.3.1", "", { "dependencies": { "confbox": "^0.1.8", "mlly": "^1.7.4", "pathe": "^2.0.1" } }, "sha512-/Jm5M4RvtBFVkKWRu2BLUTNP8/M2a+UwuAX+ae4770q1qVGtfjG+WTCupoZixokjmHiry8uI+dlY8KXYV5HVVQ=="],

    "nypm/pathe": ["pathe@2.0.3", "", {}, "sha512-WUjGcAqP1gQacoQe+OBJsFA7Ld4DyXuUIjZ5cc75cLHvJ7dtNsTugphxIADwspS+AraAUePCKrSVtPLFj/F88w=="],

    "pkg-types/pathe": ["pathe@2.0.3", "", {}, "sha512-WUjGcAqP1gQacoQe+OBJsFA7Ld4DyXuUIjZ5cc75cLHvJ7dtNsTugphxIADwspS+AraAUePCKrSVtPLFj/F88w=="],

    "readdirp/picomatch": ["picomatch@2.3.1", "", {}, "sha512-JU3teHTNjmE2VCGFzuY8EXzCDVwEqB2a8fsIvwaStHhAWJEeVd1o1QD80CU6+ZdEXXSLbSsuLwJjkCBWqRQUVA=="],

    "unimport/pathe": ["pathe@2.0.3", "", {}, "sha512-WUjGcAqP1gQacoQe+OBJsFA7Ld4DyXuUIjZ5cc75cLHvJ7dtNsTugphxIADwspS+AraAUePCKrSVtPLFj/F88w=="],

    "unimport/unplugin-utils": ["unplugin-utils@0.3.0", "", { "dependencies": { "pathe": "^2.0.3", "picomatch": "^4.0.3" } }, "sha512-JLoggz+PvLVMJo+jZt97hdIIIZ2yTzGgft9e9q8iMrC4ewufl62ekeW7mixBghonn2gVb/ICjyvlmOCUBnJLQg=="],

    "unplugin-utils/pathe": ["pathe@2.0.3", "", {}, "sha512-WUjGcAqP1gQacoQe+OBJsFA7Ld4DyXuUIjZ5cc75cLHvJ7dtNsTugphxIADwspS+AraAUePCKrSVtPLFj/F88w=="],

    "c12/chokidar/readdirp": ["readdirp@4.1.2", "", {}, "sha512-GDhwkLfywWL2s6vEjyhri+eXmfH6j1L7JE27WhqLeYzoh/A3DBaYGEj2H/HFZCn/kMfim73FXxEJTw06WtxQwg=="],

    "mlly/pkg-types/confbox": ["confbox@0.1.8", "", {}, "sha512-RMtmw0iFkeR4YV+fUOSucriAQNb9g8zFR52MWCtl+cCZOFRNL6zeB395vPzFhEjjn4fMxXudmELnl/KF/WrK6w=="],
  }
}
